
Microsoft Visual Studio Solution File, Format Version 12.00
# Visual Studio 15
VisualStudioVersion = 15.0.28307.705
MinimumVisualStudioVersion = 10.0.40219.1
Project("{8BC9CEB8-8B4A-11D0-8D11-00A0C91BC942}") = "Chus Skyrim Randomizer SKSE", "CHU-RAND.vcxproj", "{4D608E7E-FD4F-4725-BEC0-3B25D5B79A9F}"
EndProject
Global
	GlobalSection(SolutionConfigurationPlatforms) = preSolution
		Debug|x64 = Debug|x64
		Release|x64 = Release|x64
	EndGlobalSection
	GlobalSection(ProjectConfigurationPlatforms) = postSolution
		{4D608E7E-FD4F-4725-BEC0-3B25D5B79A9F}.Debug|x64.ActiveCfg = Debug|x64
		{4D608E7E-FD4F-4725-BEC0-3B25D5B79A9F}.Debug|x64.Build.0 = Debug|x64
		{4D608E7E-FD4F-4725-BEC0-3B25D5B79A9F}.Release|x64.ActiveCfg = Release|x64
		{4D608E7E-FD4F-4725-BEC0-3B25D5B79A9F}.Release|x64.Build.0 = Release|x64
	EndGlobalSection
	GlobalSection(SolutionProperties) = preSolution
		HideSolutionNode = FALSE
	EndGlobalSection
	GlobalSection(ExtensibilityGlobals) = postSolution
		SolutionGuid = {0766D10D-0C76-475B-A5BA-0BEDED0C1A8B}
	EndGlobalSection
EndGlobal
